
Microsoft Visual Studio Solution File, Format Version 12.00
# Visual Studio Version 16
VisualStudioVersion = 16.0.30517.126
MinimumVisualStudioVersion = 10.0.40219.1
Project("{FAE04EC0-301F-11D3-BF4B-00C04F79EFBC}") = "Lab1", "Lab1\Lab1.csproj", "{89EBABDC-76A1-49C7-A515-B724D60A7744}"
EndProject
Global
	GlobalSection(SolutionConfigurationPlatforms) = preSolution
		Debug|Any CPU = Debug|Any CPU
		Release|Any CPU = Release|Any CPU
	EndGlobalSection
	GlobalSection(ProjectConfigurationPlatforms) = postSolution
		{89EBABDC-76A1-49C7-A515-B724D60A7744}.Debug|Any CPU.ActiveCfg = Debug|Any CPU
		{89EBABDC-76A1-49C7-A515-B724D60A7744}.Debug|Any CPU.Build.0 = Debug|Any CPU
		{89EBABDC-76A1-49C7-A515-B724D60A7744}.Release|Any CPU.ActiveCfg = Release|Any CPU
		{89EBABDC-76A1-49C7-A515-B724D60A7744}.Release|Any CPU.Build.0 = Release|Any CPU
	EndGlobalSection
	GlobalSection(SolutionProperties) = preSolution
		HideSolutionNode = FALSE
	EndGlobalSection
	GlobalSection(ExtensibilityGlobals) = postSolution
		SolutionGuid = {07E1EC0C-6171-4102-974A-56C09F4496DB}
	EndGlobalSection
EndGlobal
